
Microsoft Visual Studio Solution File, Format Version 12.00
# Visual Studio Version 17
VisualStudioVersion = 17.11.35327.3
MinimumVisualStudioVersion = 10.0.40219.1
Project("{8BC9CEB8-8B4A-11D0-8D11-00A0C91BC942}") = "01. SphereVolume", "01. SphereVolume\01. SphereVolume.vcxproj", "{B428626D-33B0-46A4-B745-1BD332177198}"
EndProject
Project("{8BC9CEB8-8B4A-11D0-8D11-00A0C91BC942}") = "02. TicTacToe Game", "02. TicTacToe Game\02. TicTacToe Game.vcxproj", "{CAD0129E-B73F-4F0B-9742-A7F450AC506F}"
EndProject
Project("{8BC9CEB8-8B4A-11D0-8D11-00A0C91BC942}") = "03. Complex Number Class", "03. Complex Number Class\03. Complex Number Class.vcxproj", "{FE79B5BA-7CE9-40B9-A938-2007BABF54AB}"
EndProject
Project("{8BC9CEB8-8B4A-11D0-8D11-00A0C91BC942}") = "04. Card Game", "04. Card Game\04. Card Game.vcxproj", "{82413D4F-5948-4965-B8AB-A577C35835FB}"
EndProject
Project("{8BC9CEB8-8B4A-11D0-8D11-00A0C91BC942}") = "05. Book Library", "05. Book Library\05. Book Library.vcxproj", "{2398741C-E951-4FD8-B414-B576987F74C6}"
EndProject
Project("{8BC9CEB8-8B4A-11D0-8D11-00A0C91BC942}") = "06. Multithreaded App", "06. Multithreaded App\06. Multithreaded App.vcxproj", "{704869B2-B6BA-4DCE-897D-AB9EB7204E0D}"
EndProject
Global
	GlobalSection(SolutionConfigurationPlatforms) = preSolution
		Debug|x64 = Debug|x64
		Debug|x86 = Debug|x86
		Release|x64 = Release|x64
		Release|x86 = Release|x86
	EndGlobalSection
	GlobalSection(ProjectConfigurationPlatforms) = postSolution
		{B428626D-33B0-46A4-B745-1BD332177198}.Debug|x64.ActiveCfg = Debug|x64
		{B428626D-33B0-46A4-B745-1BD332177198}.Debug|x64.Build.0 = Debug|x64
		{B428626D-33B0-46A4-B745-1BD332177198}.Debug|x86.ActiveCfg = Debug|Win32
		{B428626D-33B0-46A4-B745-1BD332177198}.Debug|x86.Build.0 = Debug|Win32
		{B428626D-33B0-46A4-B745-1BD332177198}.Release|x64.ActiveCfg = Release|x64
		{B428626D-33B0-46A4-B745-1BD332177198}.Release|x64.Build.0 = Release|x64
		{B428626D-33B0-46A4-B745-1BD332177198}.Release|x86.ActiveCfg = Release|Win32
		{B428626D-33B0-46A4-B745-1BD332177198}.Release|x86.Build.0 = Release|Win32
		{CAD0129E-B73F-4F0B-9742-A7F450AC506F}.Debug|x64.ActiveCfg = Debug|x64
		{CAD0129E-B73F-4F0B-9742-A7F450AC506F}.Debug|x64.Build.0 = Debug|x64
		{CAD0129E-B73F-4F0B-9742-A7F450AC506F}.Debug|x86.ActiveCfg = Debug|Win32
		{CAD0129E-B73F-4F0B-9742-A7F450AC506F}.Debug|x86.Build.0 = Debug|Win32
		{CAD0129E-B73F-4F0B-9742-A7F450AC506F}.Release|x64.ActiveCfg = Release|x64
		{CAD0129E-B73F-4F0B-9742-A7F450AC506F}.Release|x64.Build.0 = Release|x64
		{CAD0129E-B73F-4F0B-9742-A7F450AC506F}.Release|x86.ActiveCfg = Release|Win32
		{CAD0129E-B73F-4F0B-9742-A7F450AC506F}.Release|x86.Build.0 = Release|Win32
		{FE79B5BA-7CE9-40B9-A938-2007BABF54AB}.Debug|x64.ActiveCfg = Debug|x64
		{FE79B5BA-7CE9-40B9-A938-2007BABF54AB}.Debug|x64.Build.0 = Debug|x64
		{FE79B5BA-7CE9-40B9-A938-2007BABF54AB}.Debug|x86.ActiveCfg = Debug|Win32
		{FE79B5BA-7CE9-40B9-A938-2007BABF54AB}.Debug|x86.Build.0 = Debug|Win32
		{FE79B5BA-7CE9-40B9-A938-2007BABF54AB}.Release|x64.ActiveCfg = Release|x64
		{FE79B5BA-7CE9-40B9-A938-2007BABF54AB}.Release|x64.Build.0 = Release|x64
		{FE79B5BA-7CE9-40B9-A938-2007BABF54AB}.Release|x86.ActiveCfg = Release|Win32
		{FE79B5BA-7CE9-40B9-A938-2007BABF54AB}.Release|x86.Build.0 = Release|Win32
		{82413D4F-5948-4965-B8AB-A577C35835FB}.Debug|x64.ActiveCfg = Debug|x64
		{82413D4F-5948-4965-B8AB-A577C35835FB}.Debug|x64.Build.0 = Debug|x64
		{82413D4F-5948-4965-B8AB-A577C35835FB}.Debug|x86.ActiveCfg = Debug|Win32
		{82413D4F-5948-4965-B8AB-A577C35835FB}.Debug|x86.Build.0 = Debug|Win32
		{82413D4F-5948-4965-B8AB-A577C35835FB}.Release|x64.ActiveCfg = Release|x64
		{82413D4F-5948-4965-B8AB-A577C35835FB}.Release|x64.Build.0 = Release|x64
		{82413D4F-5948-4965-B8AB-A577C35835FB}.Release|x86.ActiveCfg = Release|Win32
		{82413D4F-5948-4965-B8AB-A577C35835FB}.Release|x86.Build.0 = Release|Win32
		{2398741C-E951-4FD8-B414-B576987F74C6}.Debug|x64.ActiveCfg = Debug|x64
		{2398741C-E951-4FD8-B414-B576987F74C6}.Debug|x64.Build.0 = Debug|x64
		{2398741C-E951-4FD8-B414-B576987F74C6}.Debug|x86.ActiveCfg = Debug|Win32
		{2398741C-E951-4FD8-B414-B576987F74C6}.Debug|x86.Build.0 = Debug|Win32
		{2398741C-E951-4FD8-B414-B576987F74C6}.Release|x64.ActiveCfg = Release|x64
		{2398741C-E951-4FD8-B414-B576987F74C6}.Release|x64.Build.0 = Release|x64
		{2398741C-E951-4FD8-B414-B576987F74C6}.Release|x86.ActiveCfg = Release|Win32
		{2398741C-E951-4FD8-B414-B576987F74C6}.Release|x86.Build.0 = Release|Win32
		{704869B2-B6BA-4DCE-897D-AB9EB7204E0D}.Debug|x64.ActiveCfg = Debug|x64
		{704869B2-B6BA-4DCE-897D-AB9EB7204E0D}.Debug|x64.Build.0 = Debug|x64
		{704869B2-B6BA-4DCE-897D-AB9EB7204E0D}.Debug|x86.ActiveCfg = Debug|Win32
		{704869B2-B6BA-4DCE-897D-AB9EB7204E0D}.Debug|x86.Build.0 = Debug|Win32
		{704869B2-B6BA-4DCE-897D-AB9EB7204E0D}.Release|x64.ActiveCfg = Release|x64
		{704869B2-B6BA-4DCE-897D-AB9EB7204E0D}.Release|x64.Build.0 = Release|x64
		{704869B2-B6BA-4DCE-897D-AB9EB7204E0D}.Release|x86.ActiveCfg = Release|Win32
		{704869B2-B6BA-4DCE-897D-AB9EB7204E0D}.Release|x86.Build.0 = Release|Win32
	EndGlobalSection
	GlobalSection(SolutionProperties) = preSolution
		HideSolutionNode = FALSE
	EndGlobalSection
	GlobalSection(ExtensibilityGlobals) = postSolution
		SolutionGuid = {81722480-4B23-42F2-9F0A-6FAFEDF9F7EB}
	EndGlobalSection
EndGlobal
